// !$*UTF8*$!
{
	archiveVersion = 1;
	classes = {
	};
	objectVersion = 77;
	objects = {

/* Begin PBXBuildFile section */
		055133EC64BFD2BBAA92AC27 /* Analytics.swift in Sources */ = {isa = PBXBuildFile; fileRef = 926C98D044596E4958CB5735 /* Analytics.swift */; };
		083C7B0A876C8F39B6B62F85 /* UserSyncService.swift in Sources */ = {isa = PBXBuildFile; fileRef = 25C21D015741E420EBB13737 /* UserSyncService.swift */; };
		0876CD19836AD7E699791184 /* AppTheme.swift in Sources */ = {isa = PBXBuildFile; fileRef = FDDF91D9F0E2D95E64466BD2 /* AppTheme.swift */; };
		0B3776387CB952730BC33540 /* OnboardingView.swift in Sources */ = {isa = PBXBuildFile; fileRef = 6B196CC6BCDAEF9134B4F604 /* OnboardingView.swift */; };
		0B9CE7F68D8B352BEE6E43D5 /* Gender.swift in Sources */ = {isa = PBXBuildFile; fileRef = B619CC87D0D27E2848B53FBA /* Gender.swift */; };
		146F5A9203490DB4CB7912F6 /* NotificationFrequencyTests.swift in Sources */ = {isa = PBXBuildFile; fileRef = 8B146F852CD513CA46AFCD03 /* NotificationFrequencyTests.swift */; };
		18F5555FE3D730E0FFA78DC1 /* WidgetThemes.swift in Sources */ = {isa = PBXBuildFile; fileRef = A60E0807C4A25DAE4BE08DB7 /* WidgetThemes.swift */; };
		19319FD13E3DBCD7D0E7C3A6 /* Haptics.swift in Sources */ = {isa = PBXBuildFile; fileRef = 42F099D2E3972D46FBFCC187 /* Haptics.swift */; };
		1BFA6C2BA2962A3B5EF5E526 /* WidgetGalleryView.swift in Sources */ = {isa = PBXBuildFile; fileRef = BCF17A10A39691F2FD99766A /* WidgetGalleryView.swift */; };
		1C4465A8F20A5F1AF2D23BF7 /* SharedDefaults.swift in Sources */ = {isa = PBXBuildFile; fileRef = 8802591D8BA622C2533188CC /* SharedDefaults.swift */; };
		1DF2DB7C42C828A616DE34B3 /* Supabase in Frameworks */ = {isa = PBXBuildFile; productRef = CB6897B2C8A2EB351679232C /* Supabase */; };
		1FB7D41807CF6DCA8A2554AA /* Journal.swift in Sources */ = {isa = PBXBuildFile; fileRef = 495F5BD01B485BDFEE88F7E6 /* Journal.swift */; };
		216D70BC234A441ED6FE3459 /* StreakTrackerLayoutTests.swift in Sources */ = {isa = PBXBuildFile; fileRef = 2F344E66B951F6EBFA06BB65 /* StreakTrackerLayoutTests.swift */; };
		23D20746DFC69DBE01802C70 /* content.json in Resources */ = {isa = PBXBuildFile; fileRef = 98FA651AFB70B064EA7E06B7 /* content.json */; };
		23F94F7FB75E2AC87EC3ECAD /* PrivacyPolicy.md in Resources */ = {isa = PBXBuildFile; fileRef = 2592274ABF3F66089FFFFE7A /* PrivacyPolicy.md */; };
		2732C1FABBD1063AA555E082 /* AppUpdateGate.swift in Sources */ = {isa = PBXBuildFile; fileRef = 7C7A52DF3EE5BC0956CBE732 /* AppUpdateGate.swift */; };
		273B0ADB4641FDF9D8238A7D /* CardTheme.swift in Sources */ = {isa = PBXBuildFile; fileRef = 81A1560ED9E0632BCE797684 /* CardTheme.swift */; };
		28B13A1FB234A24248DD2953 /* StoreKitConfig.storekit in Resources */ = {isa = PBXBuildFile; fileRef = B01FE7E009BA4172D14587B4 /* StoreKitConfig.storekit */; };
		28D0A316CA58CBE166B6E386 /* QuizModel.swift in Sources */ = {isa = PBXBuildFile; fileRef = 276E1E1A05265244CA9B1126 /* QuizModel.swift */; };
		3011510FCC7A5345115F2DD2 /* SeenQuotes.swift in Sources */ = {isa = PBXBuildFile; fileRef = E218AB6D9528E25FE4335538 /* SeenQuotes.swift */; };
		38BEF9070CDA52FAF93083A4 /* SharedDefaults.swift in Sources */ = {isa = PBXBuildFile; fileRef = 8802591D8BA622C2533188CC /* SharedDefaults.swift */; };
		3956F9DBFB34D6E567097CFF /* GoogleSignInSwift in Frameworks */ = {isa = PBXBuildFile; productRef = D8B9C8472149FA0A853C22BF /* GoogleSignInSwift */; };
		3A9E8FBC56F7BF482B7C2235 /* LegalDocumentView.swift in Sources */ = {isa = PBXBuildFile; fileRef = A0D74E86D3E60AF54910576F /* LegalDocumentView.swift */; };
		3BCE8E3CEB62672A0719D333 /* ReviewPrompter.swift in Sources */ = {isa = PBXBuildFile; fileRef = ABCCFAE3B6BED99DFCB01C60 /* ReviewPrompter.swift */; };
		3D064F6193CE80AE40C98C1F /* ContentCacheStampTests.swift in Sources */ = {isa = PBXBuildFile; fileRef = C1C65134CDF9C0803A237525 /* ContentCacheStampTests.swift */; };
		422D82E3FCC197BE8F90FD92 /* WidgetTheme.swift in Sources */ = {isa = PBXBuildFile; fileRef = 3091F7D0369B030CF47D8A13 /* WidgetTheme.swift */; };
		42818505243D7E8CE907F932 /* ShareSheet.swift in Sources */ = {isa = PBXBuildFile; fileRef = AFB521C794CF4668EC6CF4B4 /* ShareSheet.swift */; };
		46FC9FBC143C5009A0251003 /* PaywallView.swift in Sources */ = {isa = PBXBuildFile; fileRef = 22B4B87701458F70F79A76CE /* PaywallView.swift */; };
		4A1FE3A56C4C9485F94B8FCB /* QuoteWidget.swift in Sources */ = {isa = PBXBuildFile; fileRef = 3E055FD814EA49A767F6DC5C /* QuoteWidget.swift */; };
		4CF9671FBBD16B92BCD4FE1A /* JournalTests.swift in Sources */ = {isa = PBXBuildFile; fileRef = 79B643455F723F9782A69329 /* JournalTests.swift */; };
		4EBA62ADABC5EB714240275D /* LaunchPlaceholderView.swift in Sources */ = {isa = PBXBuildFile; fileRef = 43772A66EA93DD473FC9428F /* LaunchPlaceholderView.swift */; };
		4FF31C01DF00B54622A7E765 /* PreferencesTests.swift in Sources */ = {isa = PBXBuildFile; fileRef = 80D440B6E58AF7045AB660E6 /* PreferencesTests.swift */; };
		5071B71AC14F4AE18E54B1D7 /* Quote.swift in Sources */ = {isa = PBXBuildFile; fileRef = 7A3762836BBFF09781681731 /* Quote.swift */; };
		57A02CF1639D429CE0309B1F /* StreakShareCard.swift in Sources */ = {isa = PBXBuildFile; fileRef = 4558DA4CFE6A360FB5DAE089 /* StreakShareCard.swift */; };
		57BA877A58F40E651AEE77D3 /* OnboardingChrome.swift in Sources */ = {isa = PBXBuildFile; fileRef = 099B12399329D986EB390312 /* OnboardingChrome.swift */; };
		586AEABC34948980F2F4A256 /* StoreManager.swift in Sources */ = {isa = PBXBuildFile; fileRef = 2AD38765966AF44016F29AA6 /* StoreManager.swift */; };
		59D14923DC5F80C1B40913EB /* Category.swift in Sources */ = {isa = PBXBuildFile; fileRef = 2CD0BA7E4132A008E21F5E59 /* Category.swift */; };
		5BF7FFF183BE2093612C1762 /* SyncState.swift in Sources */ = {isa = PBXBuildFile; fileRef = 7F0A364C7D258DB7F3153E84 /* SyncState.swift */; };
		5EAB958E1290E63824F573F6 /* NotificationFrequency.swift in Sources */ = {isa = PBXBuildFile; fileRef = 0DE2A9117011E7DD05C72BB5 /* NotificationFrequency.swift */; };
		5FDA47AA2291D3D1EC3BB633 /* GoogleSignInButtonView.swift in Sources */ = {isa = PBXBuildFile; fileRef = CCAD0F5B5BD4DF8C3602AD37 /* GoogleSignInButtonView.swift */; };
		62114FED0C9309980FA6409D /* ForcedUpdateView.swift in Sources */ = {isa = PBXBuildFile; fileRef = B29F14C6B86FDDFA7EF786B8 /* ForcedUpdateView.swift */; };
		668AA818B8CBA1BD265B417E /* ContentView.swift in Sources */ = {isa = PBXBuildFile; fileRef = BC69EC37E218974E125EB582 /* ContentView.swift */; };
		6709D069B0EE624A157F1EA1 /* AuthorQuotesView.swift in Sources */ = {isa = PBXBuildFile; fileRef = 0D7011A6FE0E310F32225B1B /* AuthorQuotesView.swift */; };
		6BE1E59851ABA4D12692A170 /* ContentStore.swift in Sources */ = {isa = PBXBuildFile; fileRef = 3C1DBE96777E0978047DC7F4 /* ContentStore.swift */; };
		6D1FC49BD1BF16B7B45664AF /* DailyQuoteCard.swift in Sources */ = {isa = PBXBuildFile; fileRef = E60D8F19F23E265DB4C64E09 /* DailyQuoteCard.swift */; };
		6E6A459FFF97E8D88394CC1A /* PushRegistrar.swift in Sources */ = {isa = PBXBuildFile; fileRef = 79D76350042A06627FF2D247 /* PushRegistrar.swift */; };
		702AA521D93B14A6E8C610ED /* LegalDocument.swift in Sources */ = {isa = PBXBuildFile; fileRef = 2C1F916E6100AFA05C41E90D /* LegalDocument.swift */; };
		74E8AC843FE5DFF5948ABEDF /* NotificationFrequency.swift in Sources */ = {isa = PBXBuildFile; fileRef = 0DE2A9117011E7DD05C72BB5 /* NotificationFrequency.swift */; };
		765F61B32FC37861330E14C7 /* Category.swift in Sources */ = {isa = PBXBuildFile; fileRef = 2CD0BA7E4132A008E21F5E59 /* Category.swift */; };
		77E6F6093C8189F4239D33F8 /* TermsOfSale.md in Resources */ = {isa = PBXBuildFile; fileRef = 5B334C99F00D956274C16932 /* TermsOfSale.md */; };
		7A9F5C8A8A56A9F2BA307BDF /* PressableButtonStyle.swift in Sources */ = {isa = PBXBuildFile; fileRef = 116EADA1BD9A8043FF7B4C83 /* PressableButtonStyle.swift */; };
		7D15BA9FBC84EEF92B84AF68 /* QuoteCardView.swift in Sources */ = {isa = PBXBuildFile; fileRef = B59DB5D3F97CA156C007FE20 /* QuoteCardView.swift */; };
		7EDAA5DDBC7746154BF50D36 /* FavoritesStore.swift in Sources */ = {isa = PBXBuildFile; fileRef = 74C2FFD2FE0AE099479C31D2 /* FavoritesStore.swift */; };
		80B2D76ED4A9E0768FFF4909 /* AppDelegate.swift in Sources */ = {isa = PBXBuildFile; fileRef = 839EF20BDAA6B3D63F32C1A2 /* AppDelegate.swift */; };
		80BD9D82533A89321F3AAC1E /* AppRouter.swift in Sources */ = {isa = PBXBuildFile; fileRef = F9DC9C05C18C26DF7252B0D4 /* AppRouter.swift */; };
		811FB64C80651E32E5C8CFEB /* Gender.swift in Sources */ = {isa = PBXBuildFile; fileRef = B619CC87D0D27E2848B53FBA /* Gender.swift */; };
		8273C9DA942CA29DE38EDC62 /* StreakDetailView.swift in Sources */ = {isa = PBXBuildFile; fileRef = 76118BA5A134DD9284BDE7D1 /* StreakDetailView.swift */; };
		83A83315D51A2ECDFACF5A8C /* LoginView.swift in Sources */ = {isa = PBXBuildFile; fileRef = E046D2F5BE2C6728EED66F45 /* LoginView.swift */; };
		8827851E233719EDF272FCED /* SupabaseProvider.swift in Sources */ = {isa = PBXBuildFile; fileRef = 82FF709D9F886AABF491B0A3 /* SupabaseProvider.swift */; };
		8A5A010AADB6EE5789129B7B /* QuoteDetailView.swift in Sources */ = {isa = PBXBuildFile; fileRef = 706576B606F8D4E0AFB78DB8 /* QuoteDetailView.swift */; };
		8AAA2029095BC80FBC269FD2 /* Assets.xcassets in Resources */ = {isa = PBXBuildFile; fileRef = 75079EF67F80899A96034B99 /* Assets.xcassets */; };
		9474153FEAC983CC1505EB61 /* ReviewPrompterTests.swift in Sources */ = {isa = PBXBuildFile; fileRef = 1D13684A8B85824A3F582D6C /* ReviewPrompterTests.swift */; };
		97BB1BF094EE12E7C754DCE3 /* FavoriteHeartButton.swift in Sources */ = {isa = PBXBuildFile; fileRef = A080AB01F0BF4CC3EA397F22 /* FavoriteHeartButton.swift */; };
		98557D427E53D5A118ED373C /* GoogleSignIn in Frameworks */ = {isa = PBXBuildFile; productRef = FECA8B5BC1C7A10FF20A6C2E /* GoogleSignIn */; };
		98DEF701BEA5244FA5E3EE19 /* InstantBusinessWidgetBundle.swift in Sources */ = {isa = PBXBuildFile; fileRef = 297EB0EF21E12BD64AB2086C /* InstantBusinessWidgetBundle.swift */; };
		9C2517B12A4F1B2E209E06FD /* AppearanceStore.swift in Sources */ = {isa = PBXBuildFile; fileRef = A6AFDBB050BDFE08FD82ADD1 /* AppearanceStore.swift */; };
		ADF7EC8135F01B092DB281DF /* QuoteWidgetConfigurationIntent.swift in Sources */ = {isa = PBXBuildFile; fileRef = 68CA58DFC13A2B0701BE6A35 /* QuoteWidgetConfigurationIntent.swift */; };
		AF745263B22D180F5739BFCD /* DeepLink.swift in Sources */ = {isa = PBXBuildFile; fileRef = 68A429C11A88920B3A9111ED /* DeepLink.swift */; };
		AFC29C335AE1DB2450FDDFC0 /* StreakFreeze.swift in Sources */ = {isa = PBXBuildFile; fileRef = 83F3D69D4B6341ED12298A60 /* StreakFreeze.swift */; };
		B74091616CA8BE81685284FC /* InstantBusinessWidgetExtension.appex in Embed Foundation Extensions */ = {isa = PBXBuildFile; fileRef = 75D0364BD0F447E3D2897DF4 /* InstantBusinessWidgetExtension.appex */; settings = {ATTRIBUTES = (RemoveHeadersOnCopy, ); }; };
		B8422E5D5E2EDAE5C47F4B48 /* TermsOfUse.md in Resources */ = {isa = PBXBuildFile; fileRef = BE7980174D13FB4A5539FA01 /* TermsOfUse.md */; };
		B914830609000B7080F0D16F /* CategoryFilterBar.swift in Sources */ = {isa = PBXBuildFile; fileRef = 3EECCDF2350300521482CD7C /* CategoryFilterBar.swift */; };
		BAB367EE1B1791E4D9C3046E /* CardThemePickerView.swift in Sources */ = {isa = PBXBuildFile; fileRef = 81BBB3C381C0F4D20628F136 /* CardThemePickerView.swift */; };
		BD4D530951A67778D3752221 /* AuthManager.swift in Sources */ = {isa = PBXBuildFile; fileRef = 288A60239C5225A6CF0DDE4E /* AuthManager.swift */; };
		BD59A036A85AD66B6FE8ECF1 /* NotificationManager.swift in Sources */ = {isa = PBXBuildFile; fileRef = 53C3A637D7E4D0DDA9C43629 /* NotificationManager.swift */; };
		BF79F684A970856123C2A246 /* WidgetTheme.swift in Sources */ = {isa = PBXBuildFile; fileRef = 3091F7D0369B030CF47D8A13 /* WidgetTheme.swift */; };
		C23EBFA6280985C880AF9765 /* PreferenceSync.swift in Sources */ = {isa = PBXBuildFile; fileRef = 0CB77AB0DB038881120F0F2A /* PreferenceSync.swift */; };
		C423A80FF3E91E13FA12F0EB /* AppTheme.swift in Sources */ = {isa = PBXBuildFile; fileRef = FDDF91D9F0E2D95E64466BD2 /* AppTheme.swift */; };
		C7399FC4E334732B0289D768 /* StreakManager.swift in Sources */ = {isa = PBXBuildFile; fileRef = 41636C5175259A1EAB7A77E9 /* StreakManager.swift */; };
		CE5FE1C624059ECADD2EA1FE /* ProfileSetupView.swift in Sources */ = {isa = PBXBuildFile; fileRef = B7EA5DA74A2E4C5F154DB52B /* ProfileSetupView.swift */; };
		CF6F593FBB875CAFA989305B /* StreakBadge.swift in Sources */ = {isa = PBXBuildFile; fileRef = DB4EBA232994A42EA87CC03B /* StreakBadge.swift */; };
		D7B2D6D80E91FE34A169A18C /* QuizView.swift in Sources */ = {isa = PBXBuildFile; fileRef = 66BCFD73D825AEF19A64D53C /* QuizView.swift */; };
		D897107B0FD32F69351A5DEB /* StreakWeek.swift in Sources */ = {isa = PBXBuildFile; fileRef = 6AEFD9D8DDA375A1D5F6CAE4 /* StreakWeek.swift */; };
		D9BB87D63354F1C9C278E2CD /* Quote.swift in Sources */ = {isa = PBXBuildFile; fileRef = 7A3762836BBFF09781681731 /* Quote.swift */; };
		E6D783DC8841C3EA4E4D7561 /* StreakWeekTracker.swift in Sources */ = {isa = PBXBuildFile; fileRef = 7DEC47BEAEC1764AC793A113 /* StreakWeekTracker.swift */; };
		E8D05120F698494B85B2DFB6 /* DeepLink.swift in Sources */ = {isa = PBXBuildFile; fileRef = 68A429C11A88920B3A9111ED /* DeepLink.swift */; };
		E95BC7C4F00B06CD32D9F841 /* SettingsIconBadge.swift in Sources */ = {isa = PBXBuildFile; fileRef = 44179F7DBDC3140082247FBE /* SettingsIconBadge.swift */; };
		E96BBED54C791A47E5FAFA6F /* FavoritesView.swift in Sources */ = {isa = PBXBuildFile; fileRef = C98C2DD1D92BA9D6F3025CE6 /* FavoritesView.swift */; };
		EBB2C84F5F25EB1541C4FBA5 /* ContentStoreTests.swift in Sources */ = {isa = PBXBuildFile; fileRef = 6BEC446CE0F37464D9B19FBC /* ContentStoreTests.swift */; };
		EBDEFA28C473AF029C86EB39 /* AuthorSearchView.swift in Sources */ = {isa = PBXBuildFile; fileRef = 04BBE2C357E4563C4D3B8D8C /* AuthorSearchView.swift */; };
		ECF645147E73CD694E663934 /* JournalView.swift in Sources */ = {isa = PBXBuildFile; fileRef = 1508529ACA4418B10831D44F /* JournalView.swift */; };
		ED322CA99A45705D05675CD9 /* NotificationSlotTests.swift in Sources */ = {isa = PBXBuildFile; fileRef = FB6194E8F29F434E9E4441CF /* NotificationSlotTests.swift */; };
		EE394F4E06F07529BE040F2F /* StreakLogicTests.swift in Sources */ = {isa = PBXBuildFile; fileRef = A6D9C82AAD0BE04439690EF4 /* StreakLogicTests.swift */; };
		F130446E75628E913CF52C8E /* SettingsView.swift in Sources */ = {isa = PBXBuildFile; fileRef = C02DC7A12B67A70A33FB2F55 /* SettingsView.swift */; };
		F257C530A47E7BB4CBEBF39C /* CardFeedView.swift in Sources */ = {isa = PBXBuildFile; fileRef = AFBBE180CFDAF926A265E2E7 /* CardFeedView.swift */; };
		F4ECC230D32BA82CE7D82495 /* ContentStore.swift in Sources */ = {isa = PBXBuildFile; fileRef = 3C1DBE96777E0978047DC7F4 /* ContentStore.swift */; };
		F58CEB962B2105CB620BC55D /* StreakCelebrationSheet.swift in Sources */ = {isa = PBXBuildFile; fileRef = 552736CC9902EC6877D1ED8B /* StreakCelebrationSheet.swift */; };
		F6505580551E736F8D35E28D /* InstantBusinessApp.swift in Sources */ = {isa = PBXBuildFile; fileRef = 0EC8473AF649B893ECE1F2A4 /* InstantBusinessApp.swift */; };
		F76AC46851EEA6B1DA17F5D5 /* content.json in Resources */ = {isa = PBXBuildFile; fileRef = 98FA651AFB70B064EA7E06B7 /* content.json */; };
		F7897E35F08E3F46517D3B5B /* CardTheme.swift in Sources */ = {isa = PBXBuildFile; fileRef = 81A1560ED9E0632BCE797684 /* CardTheme.swift */; };
		FFCCE445687B705ACF6BC1CA /* ContentSyncService.swift in Sources */ = {isa = PBXBuildFile; fileRef = 1716BC36A4F2D82614D94A2B /* ContentSyncService.swift */; };
/* End PBXBuildFile section */

/* Begin PBXContainerItemProxy section */
		27972A91487A695631D837A7 /* PBXContainerItemProxy */ = {
			isa = PBXContainerItemProxy;
			containerPortal = 3B9BFB4DC59E3A5F5A7B2942 /* Project object */;
			proxyType = 1;
			remoteGlobalIDString = 3A2F875A125EE8799FFF152F;
			remoteInfo = InstantBusiness;
		};
		4FF9B2AC9913E2E3559B1A49 /* PBXContainerItemProxy */ = {
			isa = PBXContainerItemProxy;
			containerPortal = 3B9BFB4DC59E3A5F5A7B2942 /* Project object */;
			proxyType = 1;
			remoteGlobalIDString = CCEF630C256E84FBDE3EA1B3;
			remoteInfo = InstantBusinessWidgetExtension;
		};
/* End PBXContainerItemProxy section */

/* Begin PBXCopyFilesBuildPhase section */
		6F6A035712ACABBFF5DA01BB /* Embed Foundation Extensions */ = {
			isa = PBXCopyFilesBuildPhase;
			buildActionMask = 2147483647;
			dstPath = "";
			dstSubfolderSpec = 13;
			files = (
				B74091616CA8BE81685284FC /* InstantBusinessWidgetExtension.appex in Embed Foundation Extensions */,
			);
			name = "Embed Foundation Extensions";
			runOnlyForDeploymentPostprocessing = 0;
		};
/* End PBXCopyFilesBuildPhase section */

/* Begin PBXFileReference section */
		04BBE2C357E4563C4D3B8D8C /* AuthorSearchView.swift */ = {isa = PBXFileReference; lastKnownFileType = sourcecode.swift; path = AuthorSearchView.swift; sourceTree = "<group>"; };
		0941CD3482DDC4B77D47F75C /* Info.plist */ = {isa = PBXFileReference; lastKnownFileType = text.plist; path = Info.plist; sourceTree = "<group>"; };
		099B12399329D986EB390312 /* OnboardingChrome.swift */ = {isa = PBXFileReference; lastKnownFileType = sourcecode.swift; path = OnboardingChrome.swift; sourceTree = "<group>"; };
		0CB77AB0DB038881120F0F2A /* PreferenceSync.swift */ = {isa = PBXFileReference; lastKnownFileType = sourcecode.swift; path = PreferenceSync.swift; sourceTree = "<group>"; };
		0D7011A6FE0E310F32225B1B /* AuthorQuotesView.swift */ = {isa = PBXFileReference; lastKnownFileType = sourcecode.swift; path = AuthorQuotesView.swift; sourceTree = "<group>"; };
		0DE2A9117011E7DD05C72BB5 /* NotificationFrequency.swift */ = {isa = PBXFileReference; lastKnownFileType = sourcecode.swift; path = NotificationFrequency.swift; sourceTree = "<group>"; };
		0EC8473AF649B893ECE1F2A4 /* InstantBusinessApp.swift */ = {isa = PBXFileReference; lastKnownFileType = sourcecode.swift; path = InstantBusinessApp.swift; sourceTree = "<group>"; };
		116EADA1BD9A8043FF7B4C83 /* PressableButtonStyle.swift */ = {isa = PBXFileReference; lastKnownFileType = sourcecode.swift; path = PressableButtonStyle.swift; sourceTree = "<group>"; };
		1508529ACA4418B10831D44F /* JournalView.swift */ = {isa = PBXFileReference; lastKnownFileType = sourcecode.swift; path = JournalView.swift; sourceTree = "<group>"; };
		1716BC36A4F2D82614D94A2B /* ContentSyncService.swift */ = {isa = PBXFileReference; lastKnownFileType = sourcecode.swift; path = ContentSyncService.swift; sourceTree = "<group>"; };
		1C88F216AF72133D477FCF4E /* InstantBusinessWidget.entitlements */ = {isa = PBXFileReference; lastKnownFileType = text.plist.entitlements; path = InstantBusinessWidget.entitlements; sourceTree = "<group>"; };
		1D13684A8B85824A3F582D6C /* ReviewPrompterTests.swift */ = {isa = PBXFileReference; lastKnownFileType = sourcecode.swift; path = ReviewPrompterTests.swift; sourceTree = "<group>"; };
		22B4B87701458F70F79A76CE /* PaywallView.swift */ = {isa = PBXFileReference; lastKnownFileType = sourcecode.swift; path = PaywallView.swift; sourceTree = "<group>"; };
		2592274ABF3F66089FFFFE7A /* PrivacyPolicy.md */ = {isa = PBXFileReference; lastKnownFileType = net.daringfireball.markdown; path = PrivacyPolicy.md; sourceTree = "<group>"; };
		25C21D015741E420EBB13737 /* UserSyncService.swift */ = {isa = PBXFileReference; lastKnownFileType = sourcecode.swift; path = UserSyncService.swift; sourceTree = "<group>"; };
		276E1E1A05265244CA9B1126 /* QuizModel.swift */ = {isa = PBXFileReference; lastKnownFileType = sourcecode.swift; path = QuizModel.swift; sourceTree = "<group>"; };
		288A60239C5225A6CF0DDE4E /* AuthManager.swift */ = {isa = PBXFileReference; lastKnownFileType = sourcecode.swift; path = AuthManager.swift; sourceTree = "<group>"; };
		297EB0EF21E12BD64AB2086C /* InstantBusinessWidgetBundle.swift */ = {isa = PBXFileReference; lastKnownFileType = sourcecode.swift; path = InstantBusinessWidgetBundle.swift; sourceTree = "<group>"; };
		2AD38765966AF44016F29AA6 /* StoreManager.swift */ = {isa = PBXFileReference; lastKnownFileType = sourcecode.swift; path = StoreManager.swift; sourceTree = "<group>"; };
		2C1F916E6100AFA05C41E90D /* LegalDocument.swift */ = {isa = PBXFileReference; lastKnownFileType = sourcecode.swift; path = LegalDocument.swift; sourceTree = "<group>"; };
		2CD0BA7E4132A008E21F5E59 /* Category.swift */ = {isa = PBXFileReference; lastKnownFileType = sourcecode.swift; path = Category.swift; sourceTree = "<group>"; };
		2F344E66B951F6EBFA06BB65 /* StreakTrackerLayoutTests.swift */ = {isa = PBXFileReference; lastKnownFileType = sourcecode.swift; path = StreakTrackerLayoutTests.swift; sourceTree = "<group>"; };
		3091F7D0369B030CF47D8A13 /* WidgetTheme.swift */ = {isa = PBXFileReference; lastKnownFileType = sourcecode.swift; path = WidgetTheme.swift; sourceTree = "<group>"; };
		31A1BA6A4C5417DBECEE19AC /* InstantBusiness.app */ = {isa = PBXFileReference; includeInIndex = 0; lastKnownFileType = wrapper.application; path = InstantBusiness.app; sourceTree = BUILT_PRODUCTS_DIR; };
		3C1DBE96777E0978047DC7F4 /* ContentStore.swift */ = {isa = PBXFileReference; lastKnownFileType = sourcecode.swift; path = ContentStore.swift; sourceTree = "<group>"; };
		3E055FD814EA49A767F6DC5C /* QuoteWidget.swift */ = {isa = PBXFileReference; lastKnownFileType = sourcecode.swift; path = QuoteWidget.swift; sourceTree = "<group>"; };
		3EECCDF2350300521482CD7C /* CategoryFilterBar.swift */ = {isa = PBXFileReference; lastKnownFileType = sourcecode.swift; path = CategoryFilterBar.swift; sourceTree = "<group>"; };
		41636C5175259A1EAB7A77E9 /* StreakManager.swift */ = {isa = PBXFileReference; lastKnownFileType = sourcecode.swift; path = StreakManager.swift; sourceTree = "<group>"; };
		42F099D2E3972D46FBFCC187 /* Haptics.swift */ = {isa = PBXFileReference; lastKnownFileType = sourcecode.swift; path = Haptics.swift; sourceTree = "<group>"; };
		43772A66EA93DD473FC9428F /* LaunchPlaceholderView.swift */ = {isa = PBXFileReference; lastKnownFileType = sourcecode.swift; path = LaunchPlaceholderView.swift; sourceTree = "<group>"; };
		44179F7DBDC3140082247FBE /* SettingsIconBadge.swift */ = {isa = PBXFileReference; lastKnownFileType = sourcecode.swift; path = SettingsIconBadge.swift; sourceTree = "<group>"; };
		4558DA4CFE6A360FB5DAE089 /* StreakShareCard.swift */ = {isa = PBXFileReference; lastKnownFileType = sourcecode.swift; path = StreakShareCard.swift; sourceTree = "<group>"; };
		495F5BD01B485BDFEE88F7E6 /* Journal.swift */ = {isa = PBXFileReference; lastKnownFileType = sourcecode.swift; path = Journal.swift; sourceTree = "<group>"; };
		53C3A637D7E4D0DDA9C43629 /* NotificationManager.swift */ = {isa = PBXFileReference; lastKnownFileType = sourcecode.swift; path = NotificationManager.swift; sourceTree = "<group>"; };
		552736CC9902EC6877D1ED8B /* StreakCelebrationSheet.swift */ = {isa = PBXFileReference; lastKnownFileType = sourcecode.swift; path = StreakCelebrationSheet.swift; sourceTree = "<group>"; };
		5B334C99F00D956274C16932 /* TermsOfSale.md */ = {isa = PBXFileReference; lastKnownFileType = net.daringfireball.markdown; path = TermsOfSale.md; sourceTree = "<group>"; };
		66BCFD73D825AEF19A64D53C /* QuizView.swift */ = {isa = PBXFileReference; lastKnownFileType = sourcecode.swift; path = QuizView.swift; sourceTree = "<group>"; };
		67B90F19BB483AE23EBA7DE8 /* InstantBusiness.entitlements */ = {isa = PBXFileReference; lastKnownFileType = text.plist.entitlements; path = InstantBusiness.entitlements; sourceTree = "<group>"; };
		68A429C11A88920B3A9111ED /* DeepLink.swift */ = {isa = PBXFileReference; lastKnownFileType = sourcecode.swift; path = DeepLink.swift; sourceTree = "<group>"; };
		68CA58DFC13A2B0701BE6A35 /* QuoteWidgetConfigurationIntent.swift */ = {isa = PBXFileReference; lastKnownFileType = sourcecode.swift; path = QuoteWidgetConfigurationIntent.swift; sourceTree = "<group>"; };
		6AEFD9D8DDA375A1D5F6CAE4 /* StreakWeek.swift */ = {isa = PBXFileReference; lastKnownFileType = sourcecode.swift; path = StreakWeek.swift; sourceTree = "<group>"; };
		6B196CC6BCDAEF9134B4F604 /* OnboardingView.swift */ = {isa = PBXFileReference; lastKnownFileType = sourcecode.swift; path = OnboardingView.swift; sourceTree = "<group>"; };
		6BEC446CE0F37464D9B19FBC /* ContentStoreTests.swift */ = {isa = PBXFileReference; lastKnownFileType = sourcecode.swift; path = ContentStoreTests.swift; sourceTree = "<group>"; };
		706576B606F8D4E0AFB78DB8 /* QuoteDetailView.swift */ = {isa = PBXFileReference; lastKnownFileType = sourcecode.swift; path = QuoteDetailView.swift; sourceTree = "<group>"; };
		74C2FFD2FE0AE099479C31D2 /* FavoritesStore.swift */ = {isa = PBXFileReference; lastKnownFileType = sourcecode.swift; path = FavoritesStore.swift; sourceTree = "<group>"; };
		75079EF67F80899A96034B99 /* Assets.xcassets */ = {isa = PBXFileReference; lastKnownFileType = folder.assetcatalog; path = Assets.xcassets; sourceTree = "<group>"; };
		75D0364BD0F447E3D2897DF4 /* InstantBusinessWidgetExtension.appex */ = {isa = PBXFileReference; includeInIndex = 0; lastKnownFileType = "wrapper.app-extension"; path = InstantBusinessWidgetExtension.appex; sourceTree = BUILT_PRODUCTS_DIR; };
		76118BA5A134DD9284BDE7D1 /* StreakDetailView.swift */ = {isa = PBXFileReference; lastKnownFileType = sourcecode.swift; path = StreakDetailView.swift; sourceTree = "<group>"; };
		79B643455F723F9782A69329 /* JournalTests.swift */ = {isa = PBXFileReference; lastKnownFileType = sourcecode.swift; path = JournalTests.swift; sourceTree = "<group>"; };
		79D76350042A06627FF2D247 /* PushRegistrar.swift */ = {isa = PBXFileReference; lastKnownFileType = sourcecode.swift; path = PushRegistrar.swift; sourceTree = "<group>"; };
		7A3762836BBFF09781681731 /* Quote.swift */ = {isa = PBXFileReference; lastKnownFileType = sourcecode.swift; path = Quote.swift; sourceTree = "<group>"; };
		7C7A52DF3EE5BC0956CBE732 /* AppUpdateGate.swift */ = {isa = PBXFileReference; lastKnownFileType = sourcecode.swift; path = AppUpdateGate.swift; sourceTree = "<group>"; };
		7DEC47BEAEC1764AC793A113 /* StreakWeekTracker.swift */ = {isa = PBXFileReference; lastKnownFileType = sourcecode.swift; path = StreakWeekTracker.swift; sourceTree = "<group>"; };
		7F0A364C7D258DB7F3153E84 /* SyncState.swift */ = {isa = PBXFileReference; lastKnownFileType = sourcecode.swift; path = SyncState.swift; sourceTree = "<group>"; };
		80D440B6E58AF7045AB660E6 /* PreferencesTests.swift */ = {isa = PBXFileReference; lastKnownFileType = sourcecode.swift; path = PreferencesTests.swift; sourceTree = "<group>"; };
		81A1560ED9E0632BCE797684 /* CardTheme.swift */ = {isa = PBXFileReference; lastKnownFileType = sourcecode.swift; path = CardTheme.swift; sourceTree = "<group>"; };
		81BBB3C381C0F4D20628F136 /* CardThemePickerView.swift */ = {isa = PBXFileReference; lastKnownFileType = sourcecode.swift; path = CardThemePickerView.swift; sourceTree = "<group>"; };
		82FF709D9F886AABF491B0A3 /* SupabaseProvider.swift */ = {isa = PBXFileReference; lastKnownFileType = sourcecode.swift; path = SupabaseProvider.swift; sourceTree = "<group>"; };
		839EF20BDAA6B3D63F32C1A2 /* AppDelegate.swift */ = {isa = PBXFileReference; lastKnownFileType = sourcecode.swift; path = AppDelegate.swift; sourceTree = "<group>"; };
		83F3D69D4B6341ED12298A60 /* StreakFreeze.swift */ = {isa = PBXFileReference; lastKnownFileType = sourcecode.swift; path = StreakFreeze.swift; sourceTree = "<group>"; };
		8802591D8BA622C2533188CC /* SharedDefaults.swift */ = {isa = PBXFileReference; lastKnownFileType = sourcecode.swift; path = SharedDefaults.swift; sourceTree = "<group>"; };
		8B146F852CD513CA46AFCD03 /* NotificationFrequencyTests.swift */ = {isa = PBXFileReference; lastKnownFileType = sourcecode.swift; path = NotificationFrequencyTests.swift; sourceTree = "<group>"; };
		926C98D044596E4958CB5735 /* Analytics.swift */ = {isa = PBXFileReference; lastKnownFileType = sourcecode.swift; path = Analytics.swift; sourceTree = "<group>"; };
		98FA651AFB70B064EA7E06B7 /* content.json */ = {isa = PBXFileReference; lastKnownFileType = text.json; path = content.json; sourceTree = "<group>"; };
		A080AB01F0BF4CC3EA397F22 /* FavoriteHeartButton.swift */ = {isa = PBXFileReference; lastKnownFileType = sourcecode.swift; path = FavoriteHeartButton.swift; sourceTree = "<group>"; };
		A0D74E86D3E60AF54910576F /* LegalDocumentView.swift */ = {isa = PBXFileReference; lastKnownFileType = sourcecode.swift; path = LegalDocumentView.swift; sourceTree = "<group>"; };
		A60E0807C4A25DAE4BE08DB7 /* WidgetThemes.swift */ = {isa = PBXFileReference; lastKnownFileType = sourcecode.swift; path = WidgetThemes.swift; sourceTree = "<group>"; };
		A6AFDBB050BDFE08FD82ADD1 /* AppearanceStore.swift */ = {isa = PBXFileReference; lastKnownFileType = sourcecode.swift; path = AppearanceStore.swift; sourceTree = "<group>"; };
		A6D9C82AAD0BE04439690EF4 /* StreakLogicTests.swift */ = {isa = PBXFileReference; lastKnownFileType = sourcecode.swift; path = StreakLogicTests.swift; sourceTree = "<group>"; };
		ABCCFAE3B6BED99DFCB01C60 /* ReviewPrompter.swift */ = {isa = PBXFileReference; lastKnownFileType = sourcecode.swift; path = ReviewPrompter.swift; sourceTree = "<group>"; };
		ADA58AD076DBEA1E899762F0 /* InstantBusinessTests.xctest */ = {isa = PBXFileReference; includeInIndex = 0; lastKnownFileType = wrapper.cfbundle; path = InstantBusinessTests.xctest; sourceTree = BUILT_PRODUCTS_DIR; };
		AFB521C794CF4668EC6CF4B4 /* ShareSheet.swift */ = {isa = PBXFileReference; lastKnownFileType = sourcecode.swift; path = ShareSheet.swift; sourceTree = "<group>"; };
		AFBBE180CFDAF926A265E2E7 /* CardFeedView.swift */ = {isa = PBXFileReference; lastKnownFileType = sourcecode.swift; path = CardFeedView.swift; sourceTree = "<group>"; };
		B01FE7E009BA4172D14587B4 /* StoreKitConfig.storekit */ = {isa = PBXFileReference; path = StoreKitConfig.storekit; sourceTree = "<group>"; };
		B29F14C6B86FDDFA7EF786B8 /* ForcedUpdateView.swift */ = {isa = PBXFileReference; lastKnownFileType = sourcecode.swift; path = ForcedUpdateView.swift; sourceTree = "<group>"; };
		B59DB5D3F97CA156C007FE20 /* QuoteCardView.swift */ = {isa = PBXFileReference; lastKnownFileType = sourcecode.swift; path = QuoteCardView.swift; sourceTree = "<group>"; };
		B619CC87D0D27E2848B53FBA /* Gender.swift */ = {isa = PBXFileReference; lastKnownFileType = sourcecode.swift; path = Gender.swift; sourceTree = "<group>"; };
		B7EA5DA74A2E4C5F154DB52B /* ProfileSetupView.swift */ = {isa = PBXFileReference; lastKnownFileType = sourcecode.swift; path = ProfileSetupView.swift; sourceTree = "<group>"; };
		BC69EC37E218974E125EB582 /* ContentView.swift */ = {isa = PBXFileReference; lastKnownFileType = sourcecode.swift; path = ContentView.swift; sourceTree = "<group>"; };
		BCF17A10A39691F2FD99766A /* WidgetGalleryView.swift */ = {isa = PBXFileReference; lastKnownFileType = sourcecode.swift; path = WidgetGalleryView.swift; sourceTree = "<group>"; };
		BE7980174D13FB4A5539FA01 /* TermsOfUse.md */ = {isa = PBXFileReference; lastKnownFileType = net.daringfireball.markdown; path = TermsOfUse.md; sourceTree = "<group>"; };
		C02DC7A12B67A70A33FB2F55 /* SettingsView.swift */ = {isa = PBXFileReference; lastKnownFileType = sourcecode.swift; path = SettingsView.swift; sourceTree = "<group>"; };
		C1C65134CDF9C0803A237525 /* ContentCacheStampTests.swift */ = {isa = PBXFileReference; lastKnownFileType = sourcecode.swift; path = ContentCacheStampTests.swift; sourceTree = "<group>"; };
		C98C2DD1D92BA9D6F3025CE6 /* FavoritesView.swift */ = {isa = PBXFileReference; lastKnownFileType = sourcecode.swift; path = FavoritesView.swift; sourceTree = "<group>"; };
		CCAD0F5B5BD4DF8C3602AD37 /* GoogleSignInButtonView.swift */ = {isa = PBXFileReference; lastKnownFileType = sourcecode.swift; path = GoogleSignInButtonView.swift; sourceTree = "<group>"; };
		DB4EBA232994A42EA87CC03B /* StreakBadge.swift */ = {isa = PBXFileReference; lastKnownFileType = sourcecode.swift; path = StreakBadge.swift; sourceTree = "<group>"; };
		DD432231FB34B99577F98013 /* Info.plist */ = {isa = PBXFileReference; lastKnownFileType = text.plist; path = Info.plist; sourceTree = "<group>"; };
		E046D2F5BE2C6728EED66F45 /* LoginView.swift */ = {isa = PBXFileReference; lastKnownFileType = sourcecode.swift; path = LoginView.swift; sourceTree = "<group>"; };
		E218AB6D9528E25FE4335538 /* SeenQuotes.swift */ = {isa = PBXFileReference; lastKnownFileType = sourcecode.swift; path = SeenQuotes.swift; sourceTree = "<group>"; };
		E60D8F19F23E265DB4C64E09 /* DailyQuoteCard.swift */ = {isa = PBXFileReference; lastKnownFileType = sourcecode.swift; path = DailyQuoteCard.swift; sourceTree = "<group>"; };
		F9DC9C05C18C26DF7252B0D4 /* AppRouter.swift */ = {isa = PBXFileReference; lastKnownFileType = sourcecode.swift; path = AppRouter.swift; sourceTree = "<group>"; };
		FB6194E8F29F434E9E4441CF /* NotificationSlotTests.swift */ = {isa = PBXFileReference; lastKnownFileType = sourcecode.swift; path = NotificationSlotTests.swift; sourceTree = "<group>"; };
		FDDF91D9F0E2D95E64466BD2 /* AppTheme.swift */ = {isa = PBXFileReference; lastKnownFileType = sourcecode.swift; path = AppTheme.swift; sourceTree = "<group>"; };
/* End PBXFileReference section */

/* Begin PBXFrameworksBuildPhase section */
		CFAEE54B8038862DAACA91A8 /* Frameworks */ = {
			isa = PBXFrameworksBuildPhase;
			buildActionMask = 2147483647;
			files = (
				1DF2DB7C42C828A616DE34B3 /* Supabase in Frameworks */,
				98557D427E53D5A118ED373C /* GoogleSignIn in Frameworks */,
				3956F9DBFB34D6E567097CFF /* GoogleSignInSwift in Frameworks */,
			);
			runOnlyForDeploymentPostprocessing = 0;
		};
/* End PBXFrameworksBuildPhase section */

/* Begin PBXGroup section */
		14E38EFBC1503891AEE5A36A /* Shared */ = {
			isa = PBXGroup;
			children = (
				85C118B337AE0F22680AAF4E /* Content */,
				A638462FE2C27D1AA4A68F55 /* Models */,
				4BD56CC2F3E7AD540B8FAD54 /* Services */,
			);
			path = Shared;
			sourceTree = "<group>";
		};
		1B84DB14B3A8C6FAC3D16635 /* Settings */ = {
			isa = PBXGroup;
			children = (
				81BBB3C381C0F4D20628F136 /* CardThemePickerView.swift */,
				1508529ACA4418B10831D44F /* JournalView.swift */,
				C02DC7A12B67A70A33FB2F55 /* SettingsView.swift */,
				76118BA5A134DD9284BDE7D1 /* StreakDetailView.swift */,
			);
			path = Settings;
			sourceTree = "<group>";
		};
		1DE89A1AD500C108236A0AB4 /* WidgetGallery */ = {
			isa = PBXGroup;
			children = (
				BCF17A10A39691F2FD99766A /* WidgetGalleryView.swift */,
			);
			path = WidgetGallery;
			sourceTree = "<group>";
		};
		31379E085163D9D214BCBD68 /* Legal */ = {
			isa = PBXGroup;
			children = (
				2592274ABF3F66089FFFFE7A /* PrivacyPolicy.md */,
				5B334C99F00D956274C16932 /* TermsOfSale.md */,
				BE7980174D13FB4A5539FA01 /* TermsOfUse.md */,
			);
			path = Legal;
			sourceTree = "<group>";
		};
		32A987A24785A3BE35E587DB /* InstantBusinessTests */ = {
			isa = PBXGroup;
			children = (
				C1C65134CDF9C0803A237525 /* ContentCacheStampTests.swift */,
				6BEC446CE0F37464D9B19FBC /* ContentStoreTests.swift */,
				79B643455F723F9782A69329 /* JournalTests.swift */,
				8B146F852CD513CA46AFCD03 /* NotificationFrequencyTests.swift */,
				FB6194E8F29F434E9E4441CF /* NotificationSlotTests.swift */,
				80D440B6E58AF7045AB660E6 /* PreferencesTests.swift */,
				1D13684A8B85824A3F582D6C /* ReviewPrompterTests.swift */,
				A6D9C82AAD0BE04439690EF4 /* StreakLogicTests.swift */,
				2F344E66B951F6EBFA06BB65 /* StreakTrackerLayoutTests.swift */,
			);
			path = InstantBusinessTests;
			sourceTree = "<group>";
		};
		345B611FBBD1D0115D92CEFC /* Share */ = {
			isa = PBXGroup;
			children = (
				AFB521C794CF4668EC6CF4B4 /* ShareSheet.swift */,
			);
			path = Share;
			sourceTree = "<group>";
		};
		4BD56CC2F3E7AD540B8FAD54 /* Services */ = {
			isa = PBXGroup;
			children = (
				3C1DBE96777E0978047DC7F4 /* ContentStore.swift */,
				68A429C11A88920B3A9111ED /* DeepLink.swift */,
				8802591D8BA622C2533188CC /* SharedDefaults.swift */,
			);
			path = Services;
			sourceTree = "<group>";
		};
		50BF522F7E2F5EC6A3797141 /* Home */ = {
			isa = PBXGroup;
			children = (
				AFBBE180CFDAF926A265E2E7 /* CardFeedView.swift */,
				3EECCDF2350300521482CD7C /* CategoryFilterBar.swift */,
				E60D8F19F23E265DB4C64E09 /* DailyQuoteCard.swift */,
				B59DB5D3F97CA156C007FE20 /* QuoteCardView.swift */,
				706576B606F8D4E0AFB78DB8 /* QuoteDetailView.swift */,
			);
			path = Home;
			sourceTree = "<group>";
		};
		6524A3BC4A8867F1DE0F7581 /* Legal */ = {
			isa = PBXGroup;
			children = (
				A0D74E86D3E60AF54910576F /* LegalDocumentView.swift */,
			);
			path = Legal;
			sourceTree = "<group>";
		};
		69F32D5462796148967E1918 /* Resources */ = {
			isa = PBXGroup;
			children = (
				75079EF67F80899A96034B99 /* Assets.xcassets */,
				B01FE7E009BA4172D14587B4 /* StoreKitConfig.storekit */,
				31379E085163D9D214BCBD68 /* Legal */,
			);
			path = Resources;
			sourceTree = "<group>";
		};
		6D0A22DCE1600886C34FAB67 /* Onboarding */ = {
			isa = PBXGroup;
			children = (
				6B196CC6BCDAEF9134B4F604 /* OnboardingView.swift */,
				B7EA5DA74A2E4C5F154DB52B /* ProfileSetupView.swift */,
				66BCFD73D825AEF19A64D53C /* QuizView.swift */,
			);
			path = Onboarding;
			sourceTree = "<group>";
		};
		7C0EC610381197D9AEFE18A8 /* Models */ = {
			isa = PBXGroup;
			children = (
				495F5BD01B485BDFEE88F7E6 /* Journal.swift */,
				2C1F916E6100AFA05C41E90D /* LegalDocument.swift */,
				276E1E1A05265244CA9B1126 /* QuizModel.swift */,
				DB4EBA232994A42EA87CC03B /* StreakBadge.swift */,
				83F3D69D4B6341ED12298A60 /* StreakFreeze.swift */,
				6AEFD9D8DDA375A1D5F6CAE4 /* StreakWeek.swift */,
			);
			path = Models;
			sourceTree = "<group>";
		};
		80F39E9DDA37C84E1DED4A45 /* InstantBusinessWidget */ = {
			isa = PBXGroup;
			children = (
				0941CD3482DDC4B77D47F75C /* Info.plist */,
				1C88F216AF72133D477FCF4E /* InstantBusinessWidget.entitlements */,
				297EB0EF21E12BD64AB2086C /* InstantBusinessWidgetBundle.swift */,
				3E055FD814EA49A767F6DC5C /* QuoteWidget.swift */,
				68CA58DFC13A2B0701BE6A35 /* QuoteWidgetConfigurationIntent.swift */,
				A60E0807C4A25DAE4BE08DB7 /* WidgetThemes.swift */,
			);
			path = InstantBusinessWidget;
			sourceTree = "<group>";
		};
		85C118B337AE0F22680AAF4E /* Content */ = {
			isa = PBXGroup;
			children = (
				98FA651AFB70B064EA7E06B7 /* content.json */,
			);
			path = Content;
			sourceTree = "<group>";
		};
		895719641F1335B48F8A790C /* Products */ = {
			isa = PBXGroup;
			children = (
				31A1BA6A4C5417DBECEE19AC /* InstantBusiness.app */,
				ADA58AD076DBEA1E899762F0 /* InstantBusinessTests.xctest */,
				75D0364BD0F447E3D2897DF4 /* InstantBusinessWidgetExtension.appex */,
			);
			name = Products;
			sourceTree = "<group>";
		};
		9447C53DB608E20A9798DEA3 /* InstantBusiness */ = {
			isa = PBXGroup;
			children = (
				DD432231FB34B99577F98013 /* Info.plist */,
				67B90F19BB483AE23EBA7DE8 /* InstantBusiness.entitlements */,
				D9AB7F0A4B392A9B27C09D23 /* App */,
				7C0EC610381197D9AEFE18A8 /* Models */,
				69F32D5462796148967E1918 /* Resources */,
				A85BFB2ECFBE9809F0031749 /* Services */,
				ACA35B8EAECB8E8861C9C516 /* Views */,
			);
			path = InstantBusiness;
			sourceTree = "<group>";
		};
		A638462FE2C27D1AA4A68F55 /* Models */ = {
			isa = PBXGroup;
			children = (
				FDDF91D9F0E2D95E64466BD2 /* AppTheme.swift */,
				81A1560ED9E0632BCE797684 /* CardTheme.swift */,
				2CD0BA7E4132A008E21F5E59 /* Category.swift */,
				B619CC87D0D27E2848B53FBA /* Gender.swift */,
				0DE2A9117011E7DD05C72BB5 /* NotificationFrequency.swift */,
				7A3762836BBFF09781681731 /* Quote.swift */,
				3091F7D0369B030CF47D8A13 /* WidgetTheme.swift */,
			);
			path = Models;
			sourceTree = "<group>";
		};
		A85BFB2ECFBE9809F0031749 /* Services */ = {
			isa = PBXGroup;
			children = (
				926C98D044596E4958CB5735 /* Analytics.swift */,
				A6AFDBB050BDFE08FD82ADD1 /* AppearanceStore.swift */,
				F9DC9C05C18C26DF7252B0D4 /* AppRouter.swift */,
				7C7A52DF3EE5BC0956CBE732 /* AppUpdateGate.swift */,
				288A60239C5225A6CF0DDE4E /* AuthManager.swift */,
				1716BC36A4F2D82614D94A2B /* ContentSyncService.swift */,
				74C2FFD2FE0AE099479C31D2 /* FavoritesStore.swift */,
				42F099D2E3972D46FBFCC187 /* Haptics.swift */,
				53C3A637D7E4D0DDA9C43629 /* NotificationManager.swift */,
				0CB77AB0DB038881120F0F2A /* PreferenceSync.swift */,
				79D76350042A06627FF2D247 /* PushRegistrar.swift */,
				ABCCFAE3B6BED99DFCB01C60 /* ReviewPrompter.swift */,
				E218AB6D9528E25FE4335538 /* SeenQuotes.swift */,
				2AD38765966AF44016F29AA6 /* StoreManager.swift */,
				41636C5175259A1EAB7A77E9 /* StreakManager.swift */,
				82FF709D9F886AABF491B0A3 /* SupabaseProvider.swift */,
				7F0A364C7D258DB7F3153E84 /* SyncState.swift */,
				25C21D015741E420EBB13737 /* UserSyncService.swift */,
			);
			path = Services;
			sourceTree = "<group>";
		};
		ACA35B8EAECB8E8861C9C516 /* Views */ = {
			isa = PBXGroup;
			children = (
				BC69EC37E218974E125EB582 /* ContentView.swift */,
				B29F14C6B86FDDFA7EF786B8 /* ForcedUpdateView.swift */,
				43772A66EA93DD473FC9428F /* LaunchPlaceholderView.swift */,
				C34F03C15DBF03898870FFB3 /* Auth */,
				CFFD6FF276447F58983E6B74 /* Authors */,
				BE9F7761B2802BF9E922ACC4 /* Components */,
				D5FA5B8B3334741002550E92 /* Favorites */,
				50BF522F7E2F5EC6A3797141 /* Home */,
				6524A3BC4A8867F1DE0F7581 /* Legal */,
				6D0A22DCE1600886C34FAB67 /* Onboarding */,
				BA95C60D33B73386738EA88B /* Paywall */,
				1B84DB14B3A8C6FAC3D16635 /* Settings */,
				345B611FBBD1D0115D92CEFC /* Share */,
				1DE89A1AD500C108236A0AB4 /* WidgetGallery */,
			);
			path = Views;
			sourceTree = "<group>";
		};
		BA95C60D33B73386738EA88B /* Paywall */ = {
			isa = PBXGroup;
			children = (
				22B4B87701458F70F79A76CE /* PaywallView.swift */,
			);
			path = Paywall;
			sourceTree = "<group>";
		};
		BE9F7761B2802BF9E922ACC4 /* Components */ = {
			isa = PBXGroup;
			children = (
				A080AB01F0BF4CC3EA397F22 /* FavoriteHeartButton.swift */,
				099B12399329D986EB390312 /* OnboardingChrome.swift */,
				116EADA1BD9A8043FF7B4C83 /* PressableButtonStyle.swift */,
				44179F7DBDC3140082247FBE /* SettingsIconBadge.swift */,
				552736CC9902EC6877D1ED8B /* StreakCelebrationSheet.swift */,
				4558DA4CFE6A360FB5DAE089 /* StreakShareCard.swift */,
				7DEC47BEAEC1764AC793A113 /* StreakWeekTracker.swift */,
			);
			path = Components;
			sourceTree = "<group>";
		};
		C34F03C15DBF03898870FFB3 /* Auth */ = {
			isa = PBXGroup;
			children = (
				CCAD0F5B5BD4DF8C3602AD37 /* GoogleSignInButtonView.swift */,
				E046D2F5BE2C6728EED66F45 /* LoginView.swift */,
			);
			path = Auth;
			sourceTree = "<group>";
		};
		CFFD6FF276447F58983E6B74 /* Authors */ = {
			isa = PBXGroup;
			children = (
				0D7011A6FE0E310F32225B1B /* AuthorQuotesView.swift */,
				04BBE2C357E4563C4D3B8D8C /* AuthorSearchView.swift */,
			);
			path = Authors;
			sourceTree = "<group>";
		};
		D5FA5B8B3334741002550E92 /* Favorites */ = {
			isa = PBXGroup;
			children = (
				C98C2DD1D92BA9D6F3025CE6 /* FavoritesView.swift */,
			);
			path = Favorites;
			sourceTree = "<group>";
		};
		D9AB7F0A4B392A9B27C09D23 /* App */ = {
			isa = PBXGroup;
			children = (
				839EF20BDAA6B3D63F32C1A2 /* AppDelegate.swift */,
				0EC8473AF649B893ECE1F2A4 /* InstantBusinessApp.swift */,
			);
			path = App;
			sourceTree = "<group>";
		};
		E51C3A40C4038202658CC7BF = {
			isa = PBXGroup;
			children = (
				9447C53DB608E20A9798DEA3 /* InstantBusiness */,
				32A987A24785A3BE35E587DB /* InstantBusinessTests */,
				80F39E9DDA37C84E1DED4A45 /* InstantBusinessWidget */,
				14E38EFBC1503891AEE5A36A /* Shared */,
				895719641F1335B48F8A790C /* Products */,
			);
			sourceTree = "<group>";
		};
/* End PBXGroup section */

/* Begin PBXNativeTarget section */
		3A2F875A125EE8799FFF152F /* InstantBusiness */ = {
			isa = PBXNativeTarget;
			buildConfigurationList = 2DCB34EEFFF53296210B6422 /* Build configuration list for PBXNativeTarget "InstantBusiness" */;
			buildPhases = (
				A45493FE556CB24C371AA999 /* Sources */,
				68D2A3AAA32334FA5BE0CEC0 /* Resources */,
				CFAEE54B8038862DAACA91A8 /* Frameworks */,
				6F6A035712ACABBFF5DA01BB /* Embed Foundation Extensions */,
			);
			buildRules = (
			);
			dependencies = (
				D8AE81E1C9067881CC1EAE2D /* PBXTargetDependency */,
			);
			name = InstantBusiness;
			packageProductDependencies = (
				CB6897B2C8A2EB351679232C /* Supabase */,
				FECA8B5BC1C7A10FF20A6C2E /* GoogleSignIn */,
				D8B9C8472149FA0A853C22BF /* GoogleSignInSwift */,
			);
			productName = InstantBusiness;
			productReference = 31A1BA6A4C5417DBECEE19AC /* InstantBusiness.app */;
			productType = "com.apple.product-type.application";
		};
		CCEF630C256E84FBDE3EA1B3 /* InstantBusinessWidgetExtension */ = {
			isa = PBXNativeTarget;
			buildConfigurationList = D703EC428F60609F538A3F58 /* Build configuration list for PBXNativeTarget "InstantBusinessWidgetExtension" */;
			buildPhases = (
				B38D9190265EA0AE47CDF1F0 /* Sources */,
				CBF557BA84C1C1B8F8579943 /* Resources */,
			);
			buildRules = (
			);
			dependencies = (
			);
			name = InstantBusinessWidgetExtension;
			packageProductDependencies = (
			);
			productName = InstantBusinessWidgetExtension;
			productReference = 75D0364BD0F447E3D2897DF4 /* InstantBusinessWidgetExtension.appex */;
			productType = "com.apple.product-type.app-extension";
		};
		E000B0A0DC2E16244E4FBB21 /* InstantBusinessTests */ = {
			isa = PBXNativeTarget;
			buildConfigurationList = 93FBE00E323DC2D3EFBA7300 /* Build configuration list for PBXNativeTarget "InstantBusinessTests" */;
			buildPhases = (
				FBDE8C03129ED03818953310 /* Sources */,
			);
			buildRules = (
			);
			dependencies = (
				5C27722F1F2280328480136F /* PBXTargetDependency */,
			);
			name = InstantBusinessTests;
			packageProductDependencies = (
			);
			productName = InstantBusinessTests;
			productReference = ADA58AD076DBEA1E899762F0 /* InstantBusinessTests.xctest */;
			productType = "com.apple.product-type.bundle.unit-test";
		};
/* End PBXNativeTarget section */

/* Begin PBXProject section */
		3B9BFB4DC59E3A5F5A7B2942 /* Project object */ = {
			isa = PBXProject;
			attributes = {
				BuildIndependentTargetsInParallel = YES;
				LastUpgradeCheck = 1430;
				TargetAttributes = {
					3A2F875A125EE8799FFF152F = {
						DevelopmentTeam = 7L2K39BW92;
						ProvisioningStyle = Automatic;
					};
					CCEF630C256E84FBDE3EA1B3 = {
						DevelopmentTeam = 7L2K39BW92;
						ProvisioningStyle = Automatic;
					};
					E000B0A0DC2E16244E4FBB21 = {
						DevelopmentTeam = 7L2K39BW92;
						ProvisioningStyle = Automatic;
					};
				};
			};
			buildConfigurationList = EE84E1D868A5A77878CDAB59 /* Build configuration list for PBXProject "InstantBusiness" */;
			developmentRegion = fr;
			hasScannedForEncodings = 0;
			knownRegions = (
				Base,
				fr,
			);
			mainGroup = E51C3A40C4038202658CC7BF;
			minimizedProjectReferenceProxies = 1;
			packageReferences = (
				8FA6A50835A10894074C5C86 /* XCRemoteSwiftPackageReference "GoogleSignIn-iOS" */,
				612C3678B19B617D4EF7D580 /* XCRemoteSwiftPackageReference "supabase-swift" */,
			);
			preferredProjectObjectVersion = 77;
			productRefGroup = 895719641F1335B48F8A790C /* Products */;
			projectDirPath = "";
			projectRoot = "";
			targets = (
				3A2F875A125EE8799FFF152F /* InstantBusiness */,
				E000B0A0DC2E16244E4FBB21 /* InstantBusinessTests */,
				CCEF630C256E84FBDE3EA1B3 /* InstantBusinessWidgetExtension */,
			);
		};
/* End PBXProject section */

/* Begin PBXResourcesBuildPhase section */
		68D2A3AAA32334FA5BE0CEC0 /* Resources */ = {
			isa = PBXResourcesBuildPhase;
			buildActionMask = 2147483647;
			files = (
				8AAA2029095BC80FBC269FD2 /* Assets.xcassets in Resources */,
				23F94F7FB75E2AC87EC3ECAD /* PrivacyPolicy.md in Resources */,
				28B13A1FB234A24248DD2953 /* StoreKitConfig.storekit in Resources */,
				77E6F6093C8189F4239D33F8 /* TermsOfSale.md in Resources */,
				B8422E5D5E2EDAE5C47F4B48 /* TermsOfUse.md in Resources */,
				F76AC46851EEA6B1DA17F5D5 /* content.json in Resources */,
			);
			runOnlyForDeploymentPostprocessing = 0;
		};
		CBF557BA84C1C1B8F8579943 /* Resources */ = {
			isa = PBXResourcesBuildPhase;
			buildActionMask = 2147483647;
			files = (
				23D20746DFC69DBE01802C70 /* content.json in Resources */,
			);
			runOnlyForDeploymentPostprocessing = 0;
		};
/* End PBXResourcesBuildPhase section */

/* Begin PBXSourcesBuildPhase section */
		A45493FE556CB24C371AA999 /* Sources */ = {
			isa = PBXSourcesBuildPhase;
			buildActionMask = 2147483647;
			files = (
				055133EC64BFD2BBAA92AC27 /* Analytics.swift in Sources */,
				80B2D76ED4A9E0768FFF4909 /* AppDelegate.swift in Sources */,
				80BD9D82533A89321F3AAC1E /* AppRouter.swift in Sources */,
				C423A80FF3E91E13FA12F0EB /* AppTheme.swift in Sources */,
				2732C1FABBD1063AA555E082 /* AppUpdateGate.swift in Sources */,
				9C2517B12A4F1B2E209E06FD /* AppearanceStore.swift in Sources */,
				BD4D530951A67778D3752221 /* AuthManager.swift in Sources */,
				6709D069B0EE624A157F1EA1 /* AuthorQuotesView.swift in Sources */,
				EBDEFA28C473AF029C86EB39 /* AuthorSearchView.swift in Sources */,
				F257C530A47E7BB4CBEBF39C /* CardFeedView.swift in Sources */,
				273B0ADB4641FDF9D8238A7D /* CardTheme.swift in Sources */,
				BAB367EE1B1791E4D9C3046E /* CardThemePickerView.swift in Sources */,
				765F61B32FC37861330E14C7 /* Category.swift in Sources */,
				B914830609000B7080F0D16F /* CategoryFilterBar.swift in Sources */,
				F4ECC230D32BA82CE7D82495 /* ContentStore.swift in Sources */,
				FFCCE445687B705ACF6BC1CA /* ContentSyncService.swift in Sources */,
				668AA818B8CBA1BD265B417E /* ContentView.swift in Sources */,
				6D1FC49BD1BF16B7B45664AF /* DailyQuoteCard.swift in Sources */,
				E8D05120F698494B85B2DFB6 /* DeepLink.swift in Sources */,
				97BB1BF094EE12E7C754DCE3 /* FavoriteHeartButton.swift in Sources */,
				7EDAA5DDBC7746154BF50D36 /* FavoritesStore.swift in Sources */,
				E96BBED54C791A47E5FAFA6F /* FavoritesView.swift in Sources */,
				62114FED0C9309980FA6409D /* ForcedUpdateView.swift in Sources */,
				0B9CE7F68D8B352BEE6E43D5 /* Gender.swift in Sources */,
				5FDA47AA2291D3D1EC3BB633 /* GoogleSignInButtonView.swift in Sources */,
				19319FD13E3DBCD7D0E7C3A6 /* Haptics.swift in Sources */,
				F6505580551E736F8D35E28D /* InstantBusinessApp.swift in Sources */,
				1FB7D41807CF6DCA8A2554AA /* Journal.swift in Sources */,
				ECF645147E73CD694E663934 /* JournalView.swift in Sources */,
				4EBA62ADABC5EB714240275D /* LaunchPlaceholderView.swift in Sources */,
				702AA521D93B14A6E8C610ED /* LegalDocument.swift in Sources */,
				3A9E8FBC56F7BF482B7C2235 /* LegalDocumentView.swift in Sources */,
				83A83315D51A2ECDFACF5A8C /* LoginView.swift in Sources */,
				74E8AC843FE5DFF5948ABEDF /* NotificationFrequency.swift in Sources */,
				BD59A036A85AD66B6FE8ECF1 /* NotificationManager.swift in Sources */,
				57BA877A58F40E651AEE77D3 /* OnboardingChrome.swift in Sources */,
				0B3776387CB952730BC33540 /* OnboardingView.swift in Sources */,
				46FC9FBC143C5009A0251003 /* PaywallView.swift in Sources */,
				C23EBFA6280985C880AF9765 /* PreferenceSync.swift in Sources */,
				7A9F5C8A8A56A9F2BA307BDF /* PressableButtonStyle.swift in Sources */,
				CE5FE1C624059ECADD2EA1FE /* ProfileSetupView.swift in Sources */,
				6E6A459FFF97E8D88394CC1A /* PushRegistrar.swift in Sources */,
				28D0A316CA58CBE166B6E386 /* QuizModel.swift in Sources */,
				D7B2D6D80E91FE34A169A18C /* QuizView.swift in Sources */,
				D9BB87D63354F1C9C278E2CD /* Quote.swift in Sources */,
				7D15BA9FBC84EEF92B84AF68 /* QuoteCardView.swift in Sources */,
				8A5A010AADB6EE5789129B7B /* QuoteDetailView.swift in Sources */,
				3BCE8E3CEB62672A0719D333 /* ReviewPrompter.swift in Sources */,
				3011510FCC7A5345115F2DD2 /* SeenQuotes.swift in Sources */,
				E95BC7C4F00B06CD32D9F841 /* SettingsIconBadge.swift in Sources */,
				F130446E75628E913CF52C8E /* SettingsView.swift in Sources */,
				42818505243D7E8CE907F932 /* ShareSheet.swift in Sources */,
				38BEF9070CDA52FAF93083A4 /* SharedDefaults.swift in Sources */,
				586AEABC34948980F2F4A256 /* StoreManager.swift in Sources */,
				CF6F593FBB875CAFA989305B /* StreakBadge.swift in Sources */,
				F58CEB962B2105CB620BC55D /* StreakCelebrationSheet.swift in Sources */,
				8273C9DA942CA29DE38EDC62 /* StreakDetailView.swift in Sources */,
				AFC29C335AE1DB2450FDDFC0 /* StreakFreeze.swift in Sources */,
				C7399FC4E334732B0289D768 /* StreakManager.swift in Sources */,
				57A02CF1639D429CE0309B1F /* StreakShareCard.swift in Sources */,
				D897107B0FD32F69351A5DEB /* StreakWeek.swift in Sources */,
				E6D783DC8841C3EA4E4D7561 /* StreakWeekTracker.swift in Sources */,
				8827851E233719EDF272FCED /* SupabaseProvider.swift in Sources */,
				5BF7FFF183BE2093612C1762 /* SyncState.swift in Sources */,
				083C7B0A876C8F39B6B62F85 /* UserSyncService.swift in Sources */,
				1BFA6C2BA2962A3B5EF5E526 /* WidgetGalleryView.swift in Sources */,
				BF79F684A970856123C2A246 /* WidgetTheme.swift in Sources */,
			);
			runOnlyForDeploymentPostprocessing = 0;
		};
		B38D9190265EA0AE47CDF1F0 /* Sources */ = {
			isa = PBXSourcesBuildPhase;
			buildActionMask = 2147483647;
			files = (
				0876CD19836AD7E699791184 /* AppTheme.swift in Sources */,
				F7897E35F08E3F46517D3B5B /* CardTheme.swift in Sources */,
				59D14923DC5F80C1B40913EB /* Category.swift in Sources */,
				6BE1E59851ABA4D12692A170 /* ContentStore.swift in Sources */,
				AF745263B22D180F5739BFCD /* DeepLink.swift in Sources */,
				811FB64C80651E32E5C8CFEB /* Gender.swift in Sources */,
				98DEF701BEA5244FA5E3EE19 /* InstantBusinessWidgetBundle.swift in Sources */,
				5EAB958E1290E63824F573F6 /* NotificationFrequency.swift in Sources */,
				5071B71AC14F4AE18E54B1D7 /* Quote.swift in Sources */,
				4A1FE3A56C4C9485F94B8FCB /* QuoteWidget.swift in Sources */,
				ADF7EC8135F01B092DB281DF /* QuoteWidgetConfigurationIntent.swift in Sources */,
				1C4465A8F20A5F1AF2D23BF7 /* SharedDefaults.swift in Sources */,
				422D82E3FCC197BE8F90FD92 /* WidgetTheme.swift in Sources */,
				18F5555FE3D730E0FFA78DC1 /* WidgetThemes.swift in Sources */,
			);
			runOnlyForDeploymentPostprocessing = 0;
		};
		FBDE8C03129ED03818953310 /* Sources */ = {
			isa = PBXSourcesBuildPhase;
			buildActionMask = 2147483647;
			files = (
				3D064F6193CE80AE40C98C1F /* ContentCacheStampTests.swift in Sources */,
				EBB2C84F5F25EB1541C4FBA5 /* ContentStoreTests.swift in Sources */,
				4CF9671FBBD16B92BCD4FE1A /* JournalTests.swift in Sources */,
				146F5A9203490DB4CB7912F6 /* NotificationFrequencyTests.swift in Sources */,
				ED322CA99A45705D05675CD9 /* NotificationSlotTests.swift in Sources */,
				4FF31C01DF00B54622A7E765 /* PreferencesTests.swift in Sources */,
				9474153FEAC983CC1505EB61 /* ReviewPrompterTests.swift in Sources */,
				EE394F4E06F07529BE040F2F /* StreakLogicTests.swift in Sources */,
				216D70BC234A441ED6FE3459 /* StreakTrackerLayoutTests.swift in Sources */,
			);
			runOnlyForDeploymentPostprocessing = 0;
		};
/* End PBXSourcesBuildPhase section */

/* Begin PBXTargetDependency section */
		5C27722F1F2280328480136F /* PBXTargetDependency */ = {
			isa = PBXTargetDependency;
			target = 3A2F875A125EE8799FFF152F /* InstantBusiness */;
			targetProxy = 27972A91487A695631D837A7 /* PBXContainerItemProxy */;
		};
		D8AE81E1C9067881CC1EAE2D /* PBXTargetDependency */ = {
			isa = PBXTargetDependency;
			target = CCEF630C256E84FBDE3EA1B3 /* InstantBusinessWidgetExtension */;
			targetProxy = 4FF9B2AC9913E2E3559B1A49 /* PBXContainerItemProxy */;
		};
/* End PBXTargetDependency section */

/* Begin XCBuildConfiguration section */
		38FC9084A227F15CAABC2407 /* Debug */ = {
			isa = XCBuildConfiguration;
			buildSettings = {
				ASSETCATALOG_COMPILER_APPICON_NAME = AppIcon;
				ASSETCATALOG_COMPILER_GLOBAL_ACCENT_COLOR_NAME = AccentColor;
				CODE_SIGN_ENTITLEMENTS = InstantBusiness/InstantBusiness.entitlements;
				CODE_SIGN_IDENTITY = "iPhone Developer";
				INFOPLIST_FILE = InstantBusiness/Info.plist;
				IPHONEOS_DEPLOYMENT_TARGET = 17.0;
				LD_RUNPATH_SEARCH_PATHS = (
					"$(inherited)",
					"@executable_path/Frameworks",
				);
				PRODUCT_BUNDLE_IDENTIFIER = com.instantbusiness.app;
				SDKROOT = iphoneos;
				TARGETED_DEVICE_FAMILY = 1;
			};
			name = Debug;
		};
		44571AB268F74E63FCD5F986 /* Release */ = {
			isa = XCBuildConfiguration;
			buildSettings = {
				CODE_SIGN_ENTITLEMENTS = InstantBusinessWidget/InstantBusinessWidget.entitlements;
				INFOPLIST_FILE = InstantBusinessWidget/Info.plist;
				IPHONEOS_DEPLOYMENT_TARGET = 17.0;
				LD_RUNPATH_SEARCH_PATHS = (
					"$(inherited)",
					"@executable_path/Frameworks",
					"@executable_path/../../Frameworks",
				);
				PRODUCT_BUNDLE_IDENTIFIER = com.instantbusiness.app.widget;
				SDKROOT = iphoneos;
				SKIP_INSTALL = YES;
				TARGETED_DEVICE_FAMILY = 1;
			};
			name = Release;
		};
		494049F485123AB3C3FC15AA /* Release */ = {
			isa = XCBuildConfiguration;
			buildSettings = {
				ASSETCATALOG_COMPILER_APPICON_NAME = AppIcon;
				ASSETCATALOG_COMPILER_GLOBAL_ACCENT_COLOR_NAME = AccentColor;
				CODE_SIGN_ENTITLEMENTS = InstantBusiness/InstantBusiness.entitlements;
				CODE_SIGN_IDENTITY = "iPhone Developer";
				INFOPLIST_FILE = InstantBusiness/Info.plist;
				IPHONEOS_DEPLOYMENT_TARGET = 17.0;
				LD_RUNPATH_SEARCH_PATHS = (
					"$(inherited)",
					"@executable_path/Frameworks",
				);
				PRODUCT_BUNDLE_IDENTIFIER = com.instantbusiness.app;
				SDKROOT = iphoneos;
				TARGETED_DEVICE_FAMILY = 1;
			};
			name = Release;
		};
		4CEB9535C6001AB4B2DCACC8 /* Release */ = {
			isa = XCBuildConfiguration;
			buildSettings = {
				BUNDLE_LOADER = "$(TEST_HOST)";
				GENERATE_INFOPLIST_FILE = YES;
				IPHONEOS_DEPLOYMENT_TARGET = 17.0;
				LD_RUNPATH_SEARCH_PATHS = (
					"$(inherited)",
					"@executable_path/Frameworks",
					"@loader_path/Frameworks",
				);
				PRODUCT_BUNDLE_IDENTIFIER = com.instantbusiness.app.tests;
				SDKROOT = iphoneos;
				TARGETED_DEVICE_FAMILY = 1;
				TEST_HOST = "$(BUILT_PRODUCTS_DIR)/InstantBusiness.app/InstantBusiness";
			};
			name = Release;
		};
		733F12C51DFE418529C375C5 /* Debug */ = {
			isa = XCBuildConfiguration;
			buildSettings = {
				CODE_SIGN_ENTITLEMENTS = InstantBusinessWidget/InstantBusinessWidget.entitlements;
				INFOPLIST_FILE = InstantBusinessWidget/Info.plist;
				IPHONEOS_DEPLOYMENT_TARGET = 17.0;
				LD_RUNPATH_SEARCH_PATHS = (
					"$(inherited)",
					"@executable_path/Frameworks",
					"@executable_path/../../Frameworks",
				);
				PRODUCT_BUNDLE_IDENTIFIER = com.instantbusiness.app.widget;
				SDKROOT = iphoneos;
				SKIP_INSTALL = YES;
				TARGETED_DEVICE_FAMILY = 1;
			};
			name = Debug;
		};
		9C2665343ADAF47045CA9DA2 /* Release */ = {
			isa = XCBuildConfiguration;
			buildSettings = {
				ALWAYS_SEARCH_USER_PATHS = NO;
				CLANG_ANALYZER_NONNULL = YES;
				CLANG_ANALYZER_NUMBER_OBJECT_CONVERSION = YES_AGGRESSIVE;
				CLANG_CXX_LANGUAGE_STANDARD = "gnu++14";
				CLANG_CXX_LIBRARY = "libc++";
				CLANG_ENABLE_MODULES = YES;
				CLANG_ENABLE_OBJC_ARC = YES;
				CLANG_ENABLE_OBJC_WEAK = YES;
				CLANG_WARN_BLOCK_CAPTURE_AUTORELEASING = YES;
				CLANG_WARN_BOOL_CONVERSION = YES;
				CLANG_WARN_COMMA = YES;
				CLANG_WARN_CONSTANT_CONVERSION = YES;
				CLANG_WARN_DEPRECATED_OBJC_IMPLEMENTATIONS = YES;
				CLANG_WARN_DIRECT_OBJC_ISA_USAGE = YES_ERROR;
				CLANG_WARN_DOCUMENTATION_COMMENTS = YES;
				CLANG_WARN_EMPTY_BODY = YES;
				CLANG_WARN_ENUM_CONVERSION = YES;
				CLANG_WARN_INFINITE_RECURSION = YES;
				CLANG_WARN_INT_CONVERSION = YES;
				CLANG_WARN_NON_LITERAL_NULL_CONVERSION = YES;
				CLANG_WARN_OBJC_IMPLICIT_RETAIN_SELF = YES;
				CLANG_WARN_OBJC_LITERAL_CONVERSION = YES;
				CLANG_WARN_OBJC_ROOT_CLASS = YES_ERROR;
				CLANG_WARN_QUOTED_INCLUDE_IN_FRAMEWORK_HEADER = YES;
				CLANG_WARN_RANGE_LOOP_ANALYSIS = YES;
				CLANG_WARN_STRICT_PROTOTYPES = YES;
				CLANG_WARN_SUSPICIOUS_MOVE = YES;
				CLANG_WARN_UNGUARDED_AVAILABILITY = YES_AGGRESSIVE;
				CLANG_WARN_UNREACHABLE_CODE = YES;
				CLANG_WARN__DUPLICATE_METHOD_MATCH = YES;
				CODE_SIGN_STYLE = Automatic;
				COPY_PHASE_STRIP = NO;
				CURRENT_PROJECT_VERSION = 32;
				DEBUG_INFORMATION_FORMAT = "dwarf-with-dsym";
				DEVELOPMENT_TEAM = 7L2K39BW92;
				ENABLE_NS_ASSERTIONS = NO;
				ENABLE_STRICT_OBJC_MSGSEND = YES;
				GCC_C_LANGUAGE_STANDARD = gnu11;
				GCC_NO_COMMON_BLOCKS = YES;
				GCC_WARN_64_TO_32_BIT_CONVERSION = YES;
				GCC_WARN_ABOUT_RETURN_TYPE = YES_ERROR;
				GCC_WARN_UNDECLARED_SELECTOR = YES;
				GCC_WARN_UNINITIALIZED_AUTOS = YES_AGGRESSIVE;
				GCC_WARN_UNUSED_FUNCTION = YES;
				GCC_WARN_UNUSED_VARIABLE = YES;
				IPHONEOS_DEPLOYMENT_TARGET = 17.0;
				MARKETING_VERSION = 1.2;
				MTL_ENABLE_DEBUG_INFO = NO;
				MTL_FAST_MATH = YES;
				PRODUCT_NAME = "$(TARGET_NAME)";
				SDKROOT = iphoneos;
				SWIFT_COMPILATION_MODE = wholemodule;
				SWIFT_OPTIMIZATION_LEVEL = "-O";
				SWIFT_VERSION = 5.0;
				TARGETED_DEVICE_FAMILY = 1;
			};
			name = Release;
		};
		B6DD1555A31DD6DB3C885EFF /* Debug */ = {
			isa = XCBuildConfiguration;
			buildSettings = {
				BUNDLE_LOADER = "$(TEST_HOST)";
				GENERATE_INFOPLIST_FILE = YES;
				IPHONEOS_DEPLOYMENT_TARGET = 17.0;
				LD_RUNPATH_SEARCH_PATHS = (
					"$(inherited)",
					"@executable_path/Frameworks",
					"@loader_path/Frameworks",
				);
				PRODUCT_BUNDLE_IDENTIFIER = com.instantbusiness.app.tests;
				SDKROOT = iphoneos;
				TARGETED_DEVICE_FAMILY = 1;
				TEST_HOST = "$(BUILT_PRODUCTS_DIR)/InstantBusiness.app/InstantBusiness";
			};
			name = Debug;
		};
		CA255BCEC2246EF83B1320CE /* Debug */ = {
			isa = XCBuildConfiguration;
			buildSettings = {
				ALWAYS_SEARCH_USER_PATHS = NO;
				CLANG_ANALYZER_NONNULL = YES;
				CLANG_ANALYZER_NUMBER_OBJECT_CONVERSION = YES_AGGRESSIVE;
				CLANG_CXX_LANGUAGE_STANDARD = "gnu++14";
				CLANG_CXX_LIBRARY = "libc++";
				CLANG_ENABLE_MODULES = YES;
				CLANG_ENABLE_OBJC_ARC = YES;
				CLANG_ENABLE_OBJC_WEAK = YES;
				CLANG_WARN_BLOCK_CAPTURE_AUTORELEASING = YES;
				CLANG_WARN_BOOL_CONVERSION = YES;
				CLANG_WARN_COMMA = YES;
				CLANG_WARN_CONSTANT_CONVERSION = YES;
				CLANG_WARN_DEPRECATED_OBJC_IMPLEMENTATIONS = YES;
				CLANG_WARN_DIRECT_OBJC_ISA_USAGE = YES_ERROR;
				CLANG_WARN_DOCUMENTATION_COMMENTS = YES;
				CLANG_WARN_EMPTY_BODY = YES;
				CLANG_WARN_ENUM_CONVERSION = YES;
				CLANG_WARN_INFINITE_RECURSION = YES;
				CLANG_WARN_INT_CONVERSION = YES;
				CLANG_WARN_NON_LITERAL_NULL_CONVERSION = YES;
				CLANG_WARN_OBJC_IMPLICIT_RETAIN_SELF = YES;
				CLANG_WARN_OBJC_LITERAL_CONVERSION = YES;
				CLANG_WARN_OBJC_ROOT_CLASS = YES_ERROR;
				CLANG_WARN_QUOTED_INCLUDE_IN_FRAMEWORK_HEADER = YES;
				CLANG_WARN_RANGE_LOOP_ANALYSIS = YES;
				CLANG_WARN_STRICT_PROTOTYPES = YES;
				CLANG_WARN_SUSPICIOUS_MOVE = YES;
				CLANG_WARN_UNGUARDED_AVAILABILITY = YES_AGGRESSIVE;
				CLANG_WARN_UNREACHABLE_CODE = YES;
				CLANG_WARN__DUPLICATE_METHOD_MATCH = YES;
				CODE_SIGN_STYLE = Automatic;
				COPY_PHASE_STRIP = NO;
				CURRENT_PROJECT_VERSION = 32;
				DEBUG_INFORMATION_FORMAT = dwarf;
				DEVELOPMENT_TEAM = 7L2K39BW92;
				ENABLE_STRICT_OBJC_MSGSEND = YES;
				ENABLE_TESTABILITY = YES;
				GCC_C_LANGUAGE_STANDARD = gnu11;
				GCC_DYNAMIC_NO_PIC = NO;
				GCC_NO_COMMON_BLOCKS = YES;
				GCC_OPTIMIZATION_LEVEL = 0;
				GCC_PREPROCESSOR_DEFINITIONS = (
					"$(inherited)",
					"DEBUG=1",
				);
				GCC_WARN_64_TO_32_BIT_CONVERSION = YES;
				GCC_WARN_ABOUT_RETURN_TYPE = YES_ERROR;
				GCC_WARN_UNDECLARED_SELECTOR = YES;
				GCC_WARN_UNINITIALIZED_AUTOS = YES_AGGRESSIVE;
				GCC_WARN_UNUSED_FUNCTION = YES;
				GCC_WARN_UNUSED_VARIABLE = YES;
				IPHONEOS_DEPLOYMENT_TARGET = 17.0;
				MARKETING_VERSION = 1.2;
				MTL_ENABLE_DEBUG_INFO = INCLUDE_SOURCE;
				MTL_FAST_MATH = YES;
				ONLY_ACTIVE_ARCH = YES;
				PRODUCT_NAME = "$(TARGET_NAME)";
				SDKROOT = iphoneos;
				SWIFT_ACTIVE_COMPILATION_CONDITIONS = DEBUG;
				SWIFT_OPTIMIZATION_LEVEL = "-Onone";
				SWIFT_VERSION = 5.0;
				TARGETED_DEVICE_FAMILY = 1;
			};
			name = Debug;
		};
/* End XCBuildConfiguration section */

/* Begin XCConfigurationList section */
		2DCB34EEFFF53296210B6422 /* Build configuration list for PBXNativeTarget "InstantBusiness" */ = {
			isa = XCConfigurationList;
			buildConfigurations = (
				38FC9084A227F15CAABC2407 /* Debug */,
				494049F485123AB3C3FC15AA /* Release */,
			);
			defaultConfigurationIsVisible = 0;
			defaultConfigurationName = Debug;
		};
		93FBE00E323DC2D3EFBA7300 /* Build configuration list for PBXNativeTarget "InstantBusinessTests" */ = {
			isa = XCConfigurationList;
			buildConfigurations = (
				B6DD1555A31DD6DB3C885EFF /* Debug */,
				4CEB9535C6001AB4B2DCACC8 /* Release */,
			);
			defaultConfigurationIsVisible = 0;
			defaultConfigurationName = Debug;
		};
		D703EC428F60609F538A3F58 /* Build configuration list for PBXNativeTarget "InstantBusinessWidgetExtension" */ = {
			isa = XCConfigurationList;
			buildConfigurations = (
				733F12C51DFE418529C375C5 /* Debug */,
				44571AB268F74E63FCD5F986 /* Release */,
			);
			defaultConfigurationIsVisible = 0;
			defaultConfigurationName = Debug;
		};
		EE84E1D868A5A77878CDAB59 /* Build configuration list for PBXProject "InstantBusiness" */ = {
			isa = XCConfigurationList;
			buildConfigurations = (
				CA255BCEC2246EF83B1320CE /* Debug */,
				9C2665343ADAF47045CA9DA2 /* Release */,
			);
			defaultConfigurationIsVisible = 0;
			defaultConfigurationName = Debug;
		};
/* End XCConfigurationList section */

/* Begin XCRemoteSwiftPackageReference section */
		612C3678B19B617D4EF7D580 /* XCRemoteSwiftPackageReference "supabase-swift" */ = {
			isa = XCRemoteSwiftPackageReference;
			repositoryURL = "https://github.com/supabase/supabase-swift";
			requirement = {
				kind = upToNextMajorVersion;
				minimumVersion = 2.0.0;
			};
		};
		8FA6A50835A10894074C5C86 /* XCRemoteSwiftPackageReference "GoogleSignIn-iOS" */ = {
			isa = XCRemoteSwiftPackageReference;
			repositoryURL = "https://github.com/google/GoogleSignIn-iOS";
			requirement = {
				kind = upToNextMajorVersion;
				minimumVersion = 9.0.0;
			};
		};
/* End XCRemoteSwiftPackageReference section */

/* Begin XCSwiftPackageProductDependency section */
		CB6897B2C8A2EB351679232C /* Supabase */ = {
			isa = XCSwiftPackageProductDependency;
			package = 612C3678B19B617D4EF7D580 /* XCRemoteSwiftPackageReference "supabase-swift" */;
			productName = Supabase;
		};
		D8B9C8472149FA0A853C22BF /* GoogleSignInSwift */ = {
			isa = XCSwiftPackageProductDependency;
			package = 8FA6A50835A10894074C5C86 /* XCRemoteSwiftPackageReference "GoogleSignIn-iOS" */;
			productName = GoogleSignInSwift;
		};
		FECA8B5BC1C7A10FF20A6C2E /* GoogleSignIn */ = {
			isa = XCSwiftPackageProductDependency;
			package = 8FA6A50835A10894074C5C86 /* XCRemoteSwiftPackageReference "GoogleSignIn-iOS" */;
			productName = GoogleSignIn;
		};
/* End XCSwiftPackageProductDependency section */
	};
	rootObject = 3B9BFB4DC59E3A5F5A7B2942 /* Project object */;
}
